// !$*UTF8*$!
{
	archiveVersion = 1;
	classes = {
	};
	objectVersion = 50;
	objects = {

/* Begin PBXBuildFile section */
		557D7B17F5D2B5715B705AA9 /* libPods-twitter.a in Frameworks */ = {isa = PBXBuildFile; fileRef = 43D6142D6F34C1AE98EE4951 /* libPods-twitter.a */; };
		6AD278DA20BC4B950085BC29 /* AppDelegate.m in Sources */ = {isa = PBXBuildFile; fileRef = 6AD278D920BC4B950085BC29 /* AppDelegate.m */; };
		6AD278E020BC4B950085BC29 /* Main.storyboard in Resources */ = {isa = PBXBuildFile; fileRef = 6AD278DE20BC4B950085BC29 /* Main.storyboard */; };
		6AD278E220BC4B970085BC29 /* Assets.xcassets in Resources */ = {isa = PBXBuildFile; fileRef = 6AD278E120BC4B970085BC29 /* Assets.xcassets */; };
		6AD278E520BC4B970085BC29 /* LaunchScreen.storyboard in Resources */ = {isa = PBXBuildFile; fileRef = 6AD278E320BC4B970085BC29 /* LaunchScreen.storyboard */; };
		6AD278E820BC4B970085BC29 /* main.m in Sources */ = {isa = PBXBuildFile; fileRef = 6AD278E720BC4B970085BC29 /* main.m */; };
		6AD278F320BCA6020085BC29 /* BDBOAuth1SessionManager+SFAuthenticationSession.m in Sources */ = {isa = PBXBuildFile; fileRef = 6AD278F220BCA6020085BC29 /* BDBOAuth1SessionManager+SFAuthenticationSession.m */; };
		6AD278F620BCB68B0085BC29 /* APIManager.m in Sources */ = {isa = PBXBuildFile; fileRef = 6AD278F520BCB68B0085BC29 /* APIManager.m */; };
		6AD2790620BCC0380085BC29 /* LoginViewController.m in Sources */ = {isa = PBXBuildFile; fileRef = 6AD2790520BCC0380085BC29 /* LoginViewController.m */; };
		6AD2790920BCC04D0085BC29 /* TimelineViewController.m in Sources */ = {isa = PBXBuildFile; fileRef = 6AD2790820BCC04D0085BC29 /* TimelineViewController.m */; };
/* End PBXBuildFile section */

/* Begin PBXFileReference section */
		1397EA94AE1DE5F26C1724FD /* Pods-twitter.release.xcconfig */ = {isa = PBXFileReference; includeInIndex = 1; lastKnownFileType = text.xcconfig; name = "Pods-twitter.release.xcconfig"; path = "Pods/Target Support Files/Pods-twitter/Pods-twitter.release.xcconfig"; sourceTree = "<group>"; };
		43D6142D6F34C1AE98EE4951 /* libPods-twitter.a */ = {isa = PBXFileReference; explicitFileType = archive.ar; includeInIndex = 0; path = "libPods-twitter.a"; sourceTree = BUILT_PRODUCTS_DIR; };
		6AD278D520BC4B950085BC29 /* twitter.app */ = {isa = PBXFileReference; explicitFileType = wrapper.application; includeInIndex = 0; path = twitter.app; sourceTree = BUILT_PRODUCTS_DIR; };
		6AD278D820BC4B950085BC29 /* AppDelegate.h */ = {isa = PBXFileReference; lastKnownFileType = sourcecode.c.h; path = AppDelegate.h; sourceTree = "<group>"; };
		6AD278D920BC4B950085BC29 /* AppDelegate.m */ = {isa = PBXFileReference; lastKnownFileType = sourcecode.c.objc; path = AppDelegate.m; sourceTree = "<group>"; };
		6AD278DF20BC4B950085BC29 /* Base */ = {isa = PBXFileReference; lastKnownFileType = file.storyboard; name = Base; path = Base.lproj/Main.storyboard; sourceTree = "<group>"; };
		6AD278E120BC4B970085BC29 /* Assets.xcassets */ = {isa = PBXFileReference; lastKnownFileType = folder.assetcatalog; path = Assets.xcassets; sourceTree = "<group>"; };
		6AD278E420BC4B970085BC29 /* Base */ = {isa = PBXFileReference; lastKnownFileType = file.storyboard; name = Base; path = Base.lproj/LaunchScreen.storyboard; sourceTree = "<group>"; };
		6AD278E620BC4B970085BC29 /* Info.plist */ = {isa = PBXFileReference; lastKnownFileType = text.plist.xml; path = Info.plist; sourceTree = "<group>"; };
		6AD278E720BC4B970085BC29 /* main.m */ = {isa = PBXFileReference; lastKnownFileType = sourcecode.c.objc; path = main.m; sourceTree = "<group>"; };
		6AD278F120BCA6020085BC29 /* BDBOAuth1SessionManager+SFAuthenticationSession.h */ = {isa = PBXFileReference; lastKnownFileType = sourcecode.c.h; path = "BDBOAuth1SessionManager+SFAuthenticationSession.h"; sourceTree = "<group>"; };
		6AD278F220BCA6020085BC29 /* BDBOAuth1SessionManager+SFAuthenticationSession.m */ = {isa = PBXFileReference; lastKnownFileType = sourcecode.c.objc; path = "BDBOAuth1SessionManager+SFAuthenticationSession.m"; sourceTree = "<group>"; };
		6AD278F420BCB68B0085BC29 /* APIManager.h */ = {isa = PBXFileReference; lastKnownFileType = sourcecode.c.h; path = APIManager.h; sourceTree = "<group>"; };
		6AD278F520BCB68B0085BC29 /* APIManager.m */ = {isa = PBXFileReference; lastKnownFileType = sourcecode.c.objc; path = APIManager.m; sourceTree = "<group>"; };
		6AD2790420BCC0380085BC29 /* LoginViewController.h */ = {isa = PBXFileReference; lastKnownFileType = sourcecode.c.h; path = LoginViewController.h; sourceTree = "<group>"; };
		6AD2790520BCC0380085BC29 /* LoginViewController.m */ = {isa = PBXFileReference; lastKnownFileType = sourcecode.c.objc; path = LoginViewController.m; sourceTree = "<group>"; };
		6AD2790720BCC04D0085BC29 /* TimelineViewController.h */ = {isa = PBXFileReference; lastKnownFileType = sourcecode.c.h; path = TimelineViewController.h; sourceTree = "<group>"; };
		6AD2790820BCC04D0085BC29 /* TimelineViewController.m */ = {isa = PBXFileReference; lastKnownFileType = sourcecode.c.objc; path = TimelineViewController.m; sourceTree = "<group>"; };
		75895B6507775E8AFBEEA2D9 /* Pods-twitter.debug.xcconfig */ = {isa = PBXFileReference; includeInIndex = 1; lastKnownFileType = text.xcconfig; name = "Pods-twitter.debug.xcconfig"; path = "Pods/Target Support Files/Pods-twitter/Pods-twitter.debug.xcconfig"; sourceTree = "<group>"; };
/* End PBXFileReference section */

/* Begin PBXFrameworksBuildPhase section */
		6AD278D220BC4B950085BC29 /* Frameworks */ = {
			isa = PBXFrameworksBuildPhase;
			buildActionMask = 2147483647;
			files = (
				557D7B17F5D2B5715B705AA9 /* libPods-twitter.a in Frameworks */,
			);
			runOnlyForDeploymentPostprocessing = 0;
		};
/* End PBXFrameworksBuildPhase section */

/* Begin PBXGroup section */
		038B3E5FF5428BF9C6A8E0DA /* Frameworks */ = {
			isa = PBXGroup;
			children = (
				43D6142D6F34C1AE98EE4951 /* libPods-twitter.a */,
			);
			name = Frameworks;
			sourceTree = "<group>";
		};
		6AD278CC20BC4B950085BC29 = {
			isa = PBXGroup;
			children = (
				6AD278D720BC4B950085BC29 /* twitter */,
				6AD278D620BC4B950085BC29 /* Products */,
				8D3B9352D6FC41D4058E12C5 /* Pods */,
				038B3E5FF5428BF9C6A8E0DA /* Frameworks */,
			);
			sourceTree = "<group>";
		};
		6AD278D620BC4B950085BC29 /* Products */ = {
			isa = PBXGroup;
			children = (
				6AD278D520BC4B950085BC29 /* twitter.app */,
			);
			name = Products;
			sourceTree = "<group>";
		};
		6AD278D720BC4B950085BC29 /* twitter */ = {
			isa = PBXGroup;
			children = (
				6AD2790320BCC01B0085BC29 /* View Controllers */,
				6AD278FF20BCBF280085BC29 /* Views */,
				6AD278F720BCB6900085BC29 /* API */,
				6AD278F820BCBC140085BC29 /* Models */,
				6AD278D820BC4B950085BC29 /* AppDelegate.h */,
				6AD278D920BC4B950085BC29 /* AppDelegate.m */,
				6AD278DE20BC4B950085BC29 /* Main.storyboard */,
				6AD278E120BC4B970085BC29 /* Assets.xcassets */,
				6AD278E320BC4B970085BC29 /* LaunchScreen.storyboard */,
				6AD278E620BC4B970085BC29 /* Info.plist */,
				6AD278E720BC4B970085BC29 /* main.m */,
			);
			path = twitter;
			sourceTree = "<group>";
		};
		6AD278F720BCB6900085BC29 /* API */ = {
			isa = PBXGroup;
			children = (
				6AD278F420BCB68B0085BC29 /* APIManager.h */,
				6AD278F520BCB68B0085BC29 /* APIManager.m */,
				6AD278F120BCA6020085BC29 /* BDBOAuth1SessionManager+SFAuthenticationSession.h */,
				6AD278F220BCA6020085BC29 /* BDBOAuth1SessionManager+SFAuthenticationSession.m */,
			);
			path = API;
			sourceTree = "<group>";
		};
		6AD278F820BCBC140085BC29 /* Models */ = {
			isa = PBXGroup;
			children = (
			);
			path = Models;
			sourceTree = "<group>";
		};
		6AD278FF20BCBF280085BC29 /* Views */ = {
			isa = PBXGroup;
			children = (
			);
			path = Views;
			sourceTree = "<group>";
		};
		6AD2790320BCC01B0085BC29 /* View Controllers */ = {
			isa = PBXGroup;
			children = (
				6AD2790420BCC0380085BC29 /* LoginViewController.h */,
				6AD2790520BCC0380085BC29 /* LoginViewController.m */,
				6AD2790720BCC04D0085BC29 /* TimelineViewController.h */,
				6AD2790820BCC04D0085BC29 /* TimelineViewController.m */,
			);
			path = "View Controllers";
			sourceTree = "<group>";
		};
		8D3B9352D6FC41D4058E12C5 /* Pods */ = {
			isa = PBXGroup;
			children = (
				75895B6507775E8AFBEEA2D9 /* Pods-twitter.debug.xcconfig */,
				1397EA94AE1DE5F26C1724FD /* Pods-twitter.release.xcconfig */,
			);
			name = Pods;
			sourceTree = "<group>";
		};
/* End PBXGroup section */

/* Begin PBXNativeTarget section */
		6AD278D420BC4B950085BC29 /* twitter */ = {
			isa = PBXNativeTarget;
			buildConfigurationList = 6AD278EB20BC4B970085BC29 /* Build configuration list for PBXNativeTarget "twitter" */;
			buildPhases = (
				2753FB299E6FD685DF7178D7 /* [CP] Check Pods Manifest.lock */,
				6AD278D120BC4B950085BC29 /* Sources */,
				6AD278D220BC4B950085BC29 /* Frameworks */,
				6AD278D320BC4B950085BC29 /* Resources */,
			);
			buildRules = (
			);
			dependencies = (
			);
			name = twitter;
			productName = twitter;
			productReference = 6AD278D520BC4B950085BC29 /* twitter.app */;
			productType = "com.apple.product-type.application";
		};
/* End PBXNativeTarget section */

/* Begin PBXProject section */
		6AD278CD20BC4B950085BC29 /* Project object */ = {
			isa = PBXProject;
			attributes = {
				LastUpgradeCheck = 0930;
				ORGANIZATIONNAME = "Emerson Malca";
				TargetAttributes = {
					6AD278D420BC4B950085BC29 = {
						CreatedOnToolsVersion = 9.3.1;
					};
				};
			};
			buildConfigurationList = 6AD278D020BC4B950085BC29 /* Build configuration list for PBXProject "twitter" */;
			compatibilityVersion = "Xcode 9.3";
			developmentRegion = en;
			hasScannedForEncodings = 0;
			knownRegions = (
				en,
				Base,
			);
			mainGroup = 6AD278CC20BC4B950085BC29;
			productRefGroup = 6AD278D620BC4B950085BC29 /* Products */;
			projectDirPath = "";
			projectRoot = "";
			targets = (
				6AD278D420BC4B950085BC29 /* twitter */,
			);
		};
/* End PBXProject section */

/* Begin PBXResourcesBuildPhase section */
		6AD278D320BC4B950085BC29 /* Resources */ = {
			isa = PBXResourcesBuildPhase;
			buildActionMask = 2147483647;
			files = (
				6AD278E520BC4B970085BC29 /* LaunchScreen.storyboard in Resources */,
				6AD278E220BC4B970085BC29 /* Assets.xcassets in Resources */,
				6AD278E020BC4B950085BC29 /* Main.storyboard in Resources */,
			);
			runOnlyForDeploymentPostprocessing = 0;
		};
/* End PBXResourcesBuildPhase section */

/* Begin PBXShellScriptBuildPhase section */
		2753FB299E6FD685DF7178D7 /* [CP] Check Pods Manifest.lock */ = {
			isa = PBXShellScriptBuildPhase;
			buildActionMask = 2147483647;
			files = (
			);
			inputPaths = (
				"${PODS_PODFILE_DIR_PATH}/Podfile.lock",
				"${PODS_ROOT}/Manifest.lock",
			);
			name = "[CP] Check Pods Manifest.lock";
			outputPaths = (
				"$(DERIVED_FILE_DIR)/Pods-twitter-checkManifestLockResult.txt",
			);
			runOnlyForDeploymentPostprocessing = 0;
			shellPath = /bin/sh;
			shellScript = "diff \"${PODS_PODFILE_DIR_PATH}/Podfile.lock\" \"${PODS_ROOT}/Manifest.lock\" > /dev/null\nif [ $? != 0 ] ; then\n    # print error to STDERR\n    echo \"error: The sandbox is not in sync with the Podfile.lock. Run 'pod install' or update your CocoaPods installation.\" >&2\n    exit 1\nfi\n# This output is used by Xcode 'outputs' to avoid re-running this script phase.\necho \"SUCCESS\" > \"${SCRIPT_OUTPUT_FILE_0}\"\n";
			showEnvVarsInLog = 0;
		};
/* End PBXShellScriptBuildPhase section */

/* Begin PBXSourcesBuildPhase section */
		6AD278D120BC4B950085BC29 /* Sources */ = {
			isa = PBXSourcesBuildPhase;
			buildActionMask = 2147483647;
			files = (
				6AD278F320BCA6020085BC29 /* BDBOAuth1SessionManager+SFAuthenticationSession.m in Sources */,
				6AD278E820BC4B970085BC29 /* main.m in Sources */,
				6AD2790620BCC0380085BC29 /* LoginViewController.m in Sources */,
				6AD278DA20BC4B950085BC29 /* AppDelegate.m in Sources */,
				6AD278F620BCB68B0085BC29 /* APIManager.m in Sources */,
				6AD2790920BCC04D0085BC29 /* TimelineViewController.m in Sources */,
			);
			runOnlyForDeploymentPostprocessing = 0;
		};
/* End PBXSourcesBuildPhase section */

/* Begin PBXVariantGroup section */
		6AD278DE20BC4B950085BC29 /* Main.storyboard */ = {
			isa = PBXVariantGroup;
			children = (
				6AD278DF20BC4B950085BC29 /* Base */,
			);
			name = Main.storyboard;
			sourceTree = "<group>";
		};
		6AD278E320BC4B970085BC29 /* LaunchScreen.storyboard */ = {
			isa = PBXVariantGroup;
			children = (
				6AD278E420BC4B970085BC29 /* Base */,
			);
			name = LaunchScreen.storyboard;
			sourceTree = "<group>";
		};
/* End PBXVariantGroup section */

/* Begin XCBuildConfiguration section */
		6AD278E920BC4B970085BC29 /* Debug */ = {
			isa = XCBuildConfiguration;
			buildSettings = {
				ALWAYS_SEARCH_USER_PATHS = NO;
				CLANG_ANALYZER_NONNULL = YES;
				CLANG_ANALYZER_NUMBER_OBJECT_CONVERSION = YES_AGGRESSIVE;
				CLANG_CXX_LANGUAGE_STANDARD = "gnu++14";
				CLANG_CXX_LIBRARY = "libc++";
				CLANG_ENABLE_MODULES = YES;
				CLANG_ENABLE_OBJC_ARC = YES;
				CLANG_ENABLE_OBJC_WEAK = YES;
				CLANG_WARN_BLOCK_CAPTURE_AUTORELEASING = YES;
				CLANG_WARN_BOOL_CONVERSION = YES;
				CLANG_WARN_COMMA = YES;
				CLANG_WARN_CONSTANT_CONVERSION = YES;
				CLANG_WARN_DEPRECATED_OBJC_IMPLEMENTATIONS = YES;
				CLANG_WARN_DIRECT_OBJC_ISA_USAGE = YES_ERROR;
				CLANG_WARN_DOCUMENTATION_COMMENTS = YES;
				CLANG_WARN_EMPTY_BODY = YES;
				CLANG_WARN_ENUM_CONVERSION = YES;
				CLANG_WARN_INFINITE_RECURSION = YES;
				CLANG_WARN_INT_CONVERSION = YES;
				CLANG_WARN_NON_LITERAL_NULL_CONVERSION = YES;
				CLANG_WARN_OBJC_IMPLICIT_RETAIN_SELF = YES;
				CLANG_WARN_OBJC_LITERAL_CONVERSION = YES;
				CLANG_WARN_OBJC_ROOT_CLASS = YES_ERROR;
				CLANG_WARN_RANGE_LOOP_ANALYSIS = YES;
				CLANG_WARN_STRICT_PROTOTYPES = YES;
				CLANG_WARN_SUSPICIOUS_MOVE = YES;
				CLANG_WARN_UNGUARDED_AVAILABILITY = YES_AGGRESSIVE;
				CLANG_WARN_UNREACHABLE_CODE = YES;
				CLANG_WARN__DUPLICATE_METHOD_MATCH = YES;
				CODE_SIGN_IDENTITY = "iPhone Developer";
				COPY_PHASE_STRIP = NO;
				DEBUG_INFORMATION_FORMAT = dwarf;
				ENABLE_STRICT_OBJC_MSGSEND = YES;
				ENABLE_TESTABILITY = YES;
				GCC_C_LANGUAGE_STANDARD = gnu11;
				GCC_DYNAMIC_NO_PIC = NO;
				GCC_NO_COMMON_BLOCKS = YES;
				GCC_OPTIMIZATION_LEVEL = 0;
				GCC_PREPROCESSOR_DEFINITIONS = (
					"DEBUG=1",
					"$(inherited)",
				);
				GCC_WARN_64_TO_32_BIT_CONVERSION = YES;
				GCC_WARN_ABOUT_RETURN_TYPE = YES_ERROR;
				GCC_WARN_UNDECLARED_SELECTOR = YES;
				GCC_WARN_UNINITIALIZED_AUTOS = YES_AGGRESSIVE;
				GCC_WARN_UNUSED_FUNCTION = YES;
				GCC_WARN_UNUSED_VARIABLE = YES;
				IPHONEOS_DEPLOYMENT_TARGET = 11.3;
				MTL_ENABLE_DEBUG_INFO = YES;
				ONLY_ACTIVE_ARCH = YES;
				SDKROOT = iphoneos;
			};
			name = Debug;
		};
		6AD278EA20BC4B970085BC29 /* Release */ = {
			isa = XCBuildConfiguration;
			buildSettings = {
				ALWAYS_SEARCH_USER_PATHS = NO;
				CLANG_ANALYZER_NONNULL = YES;
				CLANG_ANALYZER_NUMBER_OBJECT_CONVERSION = YES_AGGRESSIVE;
				CLANG_CXX_LANGUAGE_STANDARD = "gnu++14";
				CLANG_CXX_LIBRARY = "libc++";
				CLANG_ENABLE_MODULES = YES;
				CLANG_ENABLE_OBJC_ARC = YES;
				CLANG_ENABLE_OBJC_WEAK = YES;
				CLANG_WARN_BLOCK_CAPTURE_AUTORELEASING = YES;
				CLANG_WARN_BOOL_CONVERSION = YES;
				CLANG_WARN_COMMA = YES;
				CLANG_WARN_CONSTANT_CONVERSION = YES;
				CLANG_WARN_DEPRECATED_OBJC_IMPLEMENTATIONS = YES;
				CLANG_WARN_DIRECT_OBJC_ISA_USAGE = YES_ERROR;
				CLANG_WARN_DOCUMENTATION_COMMENTS = YES;
				CLANG_WARN_EMPTY_BODY = YES;
				CLANG_WARN_ENUM_CONVERSION = YES;
				CLANG_WARN_INFINITE_RECURSION = YES;
				CLANG_WARN_INT_CONVERSION = YES;
				CLANG_WARN_NON_LITERAL_NULL_CONVERSION = YES;
				CLANG_WARN_OBJC_IMPLICIT_RETAIN_SELF = YES;
				CLANG_WARN_OBJC_LITERAL_CONVERSION = YES;
				CLANG_WARN_OBJC_ROOT_CLASS = YES_ERROR;
				CLANG_WARN_RANGE_LOOP_ANALYSIS = YES;
				CLANG_WARN_STRICT_PROTOTYPES = YES;
				CLANG_WARN_SUSPICIOUS_MOVE = YES;
				CLANG_WARN_UNGUARDED_AVAILABILITY = YES_AGGRESSIVE;
				CLANG_WARN_UNREACHABLE_CODE = YES;
				CLANG_WARN__DUPLICATE_METHOD_MATCH = YES;
				CODE_SIGN_IDENTITY = "iPhone Developer";
				COPY_PHASE_STRIP = NO;
				DEBUG_INFORMATION_FORMAT = "dwarf-with-dsym";
				ENABLE_NS_ASSERTIONS = NO;
				ENABLE_STRICT_OBJC_MSGSEND = YES;
				GCC_C_LANGUAGE_STANDARD = gnu11;
				GCC_NO_COMMON_BLOCKS = YES;
				GCC_WARN_64_TO_32_BIT_CONVERSION = YES;
				GCC_WARN_ABOUT_RETURN_TYPE = YES_ERROR;
				GCC_WARN_UNDECLARED_SELECTOR = YES;
				GCC_WARN_UNINITIALIZED_AUTOS = YES_AGGRESSIVE;
				GCC_WARN_UNUSED_FUNCTION = YES;
				GCC_WARN_UNUSED_VARIABLE = YES;
				IPHONEOS_DEPLOYMENT_TARGET = 11.3;
				MTL_ENABLE_DEBUG_INFO = NO;
				SDKROOT = iphoneos;
				VALIDATE_PRODUCT = YES;
			};
			name = Release;
		};
		6AD278EC20BC4B970085BC29 /* Debug */ = {
			isa = XCBuildConfiguration;
			baseConfigurationReference = 75895B6507775E8AFBEEA2D9 /* Pods-twitter.debug.xcconfig */;
			buildSettings = {
				ASSETCATALOG_COMPILER_APPICON_NAME = AppIcon;
				CODE_SIGN_STYLE = Automatic;
				DEVELOPMENT_TEAM = "";
				INFOPLIST_FILE = twitter/Info.plist;
				LD_RUNPATH_SEARCH_PATHS = (
					"$(inherited)",
					"@executable_path/Frameworks",
				);
				PRODUCT_BUNDLE_IDENTIFIER = com.codepath.twitter;
				PRODUCT_NAME = "$(TARGET_NAME)";
				TARGETED_DEVICE_FAMILY = 1;
			};
			name = Debug;
		};
		6AD278ED20BC4B970085BC29 /* Release */ = {
			isa = XCBuildConfiguration;
			baseConfigurationReference = 1397EA94AE1DE5F26C1724FD /* Pods-twitter.release.xcconfig */;
			buildSettings = {
				ASSETCATALOG_COMPILER_APPICON_NAME = AppIcon;
				CODE_SIGN_STYLE = Automatic;
				DEVELOPMENT_TEAM = "";
				INFOPLIST_FILE = twitter/Info.plist;
				LD_RUNPATH_SEARCH_PATHS = (
					"$(inherited)",
					"@executable_path/Frameworks",
				);
				PRODUCT_BUNDLE_IDENTIFIER = com.codepath.twitter;
				PRODUCT_NAME = "$(TARGET_NAME)";
				TARGETED_DEVICE_FAMILY = 1;
			};
			name = Release;
		};
/* End XCBuildConfiguration section */

/* Begin XCConfigurationList section */
		6AD278D020BC4B950085BC29 /* Build configuration list for PBXProject "twitter" */ = {
			isa = XCConfigurationList;
			buildConfigurations = (
				6AD278E920BC4B970085BC29 /* Debug */,
				6AD278EA20BC4B970085BC29 /* Release */,
			);
			defaultConfigurationIsVisible = 0;
			defaultConfigurationName = Release;
		};
		6AD278EB20BC4B970085BC29 /* Build configuration list for PBXNativeTarget "twitter" */ = {
			isa = XCConfigurationList;
			buildConfigurations = (
				6AD278EC20BC4B970085BC29 /* Debug */,
				6AD278ED20BC4B970085BC29 /* Release */,
			);
			defaultConfigurationIsVisible = 0;
			defaultConfigurationName = Release;
		};
/* End XCConfigurationList section */
	};
	rootObject = 6AD278CD20BC4B950085BC29 /* Project object */;
}
